{
  "version": 4,
  "terraform_version": "1.6.5",
  "serial": 15,
  "lineage": "a4664595-2571-4154-3d1c-67b30ea34d2b",
  "outputs": {},
  "resources": [
    {
      "mode": "managed",
      "type": "local_file",
      "name": "file-001",
      "provider": "provider[\"registry.terraform.io/hashicorp/local\"]",
      "instances": [
        {
          "schema_version": 0,
          "attributes": {
            "content": "HCL Syntax",
            "content_base64": null,
            "content_base64sha256": "ZYxiLAQHIhrjXq0HbxHiMd1bC7q9lfHhySguy1Z47EI=",
            "content_base64sha512": "I5w/yZ01iDn74dYWhTfrhnaBW7FOxfdkIn6CmIkQrMl5+dUIl4GxZEow4W/QhMnObaJ3vG0IQ3bTKtVFJNmHTQ==",
            "content_md5": "f1147047d25263206b714368152e672e",
            "content_sha1": "efbb963027a4d7ed2551ee0b65b38f717efdaaa1",
            "content_sha256": "658c622c0407221ae35ead076f11e231dd5b0bbabd95f1e1c9282ecb5678ec42",
            "content_sha512": "239c3fc99d358839fbe1d6168537eb8676815bb14ec5f764227e82988910acc979f9d5089781b1644a30e16fd084c9ce6da277bc6d084376d32ad54524d9874d",
            "directory_permission": "0777",
            "file_permission": "0777",
            "filename": "c:\\users\\filip\\devops-cloud\\terraform\\basics\\notes.txt",
            "id": "efbb963027a4d7ed2551ee0b65b38f717efdaaa1",
            "sensitive_content": null,
            "source": null
          },
          "sensitive_attributes": []
        }
      ]
    },
    {
      "mode": "managed",
      "type": "local_file",
      "name": "file-002",
      "provider": "provider[\"registry.terraform.io/hashicorp/local\"]",
      "instances": [
        {
          "schema_version": 0,
          "attributes": {
            "content": "whoami \u0026\u0026 date",
            "content_base64": null,
            "content_base64sha256": "z2lpXX30XGaKv+x+7lweiAVprUvlUaaNhhHCt2i+udg=",
            "content_base64sha512": "XvwTPsB9BeoX9LtK2WXV/dE02tka9GKW5YONOPTMYqRfSKwEDtUtpb5m82+1PJUL+ky2l9CONE21DNB9SDg9jQ==",
            "content_md5": "d81b40aa8004046a426b2175c6526529",
            "content_sha1": "df667d78deeb1a372b2feb816e2f5f07e5edc4fb",
            "content_sha256": "cf69695d7df45c668abfec7eee5c1e880569ad4be551a68d8611c2b768beb9d8",
            "content_sha512": "5efc133ec07d05ea17f4bb4ad965d5fdd134dad91af46296e5838d38f4cc62a45f48ac040ed52da5be66f36fb53c950bfa4cb697d08e344db50cd07d48383d8d",
            "directory_permission": "0777",
            "file_permission": "0777",
            "filename": "c:\\users\\filip\\devops-cloud\\terraform\\basics\\date.sh",
            "id": "df667d78deeb1a372b2feb816e2f5f07e5edc4fb",
            "sensitive_content": null,
            "source": null
          },
          "sensitive_attributes": []
        }
      ]
    },
    {
      "mode": "managed",
      "type": "local_file",
      "name": "file-003",
      "provider": "provider[\"registry.terraform.io/hashicorp/local\"]",
      "instances": [
        {
          "schema_version": 0,
          "attributes": {
            "content": "ipconfig | clip",
            "content_base64": null,
            "content_base64sha256": "+QdEMCNvySe0GK2dUFB8qOQYVprmsvfopG0BTbHmhho=",
            "content_base64sha512": "fBhjp44rOIHGUsa2fA9YvTcY4TFUQkNgRIvUOv2CuXBzTNxor3ASh8W9x0LiSoqDlNpo74kpS2ifiGV008IBCQ==",
            "content_md5": "91433e51d73ccc50e40cd4f6703ca314",
            "content_sha1": "d2d21e0a1f63efbe2ccbd83e582f2f97a3f3e991",
            "content_sha256": "f9074430236fc927b418ad9d50507ca8e418569ae6b2f7e8a46d014db1e6861a",
            "content_sha512": "7c1863a78e2b3881c652c6b67c0f58bd3718e13154424360448bd43afd82b970734cdc68af701287c5bdc742e24a8a8394da68ef89294b689f886574d3c20109",
            "directory_permission": "0777",
            "file_permission": "0777",
            "filename": "c:\\users\\filip\\devops-cloud\\terraform\\basics\\ip.sh",
            "id": "d2d21e0a1f63efbe2ccbd83e582f2f97a3f3e991",
            "sensitive_content": null,
            "source": null
          },
          "sensitive_attributes": []
        }
      ]
    }
  ],
  "check_results": null
}
