{
  "version": 4,
  "terraform_version": "1.6.5",
  "serial": 8,
  "lineage": "5739ea21-e272-47e2-8713-28bcde8cf608",
  "outputs": {
    "password": {
      "value": "=0!vlJ]LyWaw??R0:cU-",
      "type": "string",
      "sensitive": true
    }
  },
  "resources": [
    {
      "mode": "managed",
      "type": "random_password",
      "name": "password",
      "provider": "provider[\"registry.terraform.io/hashicorp/random\"]",
      "instances": [
        {
          "schema_version": 3,
          "attributes": {
            "bcrypt_hash": "$2a$10$P5hwyGEaBpIzP5q80F8Os.SVYT9dKo1xuS7Si3FWGJFAp5QeSpI5u",
            "id": "none",
            "keepers": null,
            "length": 20,
            "lower": true,
            "min_lower": 0,
            "min_numeric": 0,
            "min_special": 0,
            "min_upper": 0,
            "number": true,
            "numeric": true,
            "override_special": null,
            "result": "=0!vlJ]LyWaw??R0:cU-",
            "special": true,
            "upper": true
          },
          "sensitive_attributes": []
        }
      ]
    }
  ],
  "check_results": null
}
